
Microsoft Visual Studio Solution File, Format Version 12.00
# Visual Studio Version 17
VisualStudioVersion = 17.14.36429.23 d17.14
MinimumVisualStudioVersion = 10.0.40219.1
Project("{2150E333-8FDC-42A3-9474-1A3956D46DE8}") = "Task0", "Task0", "{02EA681E-C7D8-13C7-8484-4AC65E1B71E8}"
EndProject
Project("{FAE04EC0-301F-11D3-BF4B-00C04F79EFBC}") = "Tyuiu.KazachekI.Sprint2.Task0.V24", "Tyuiu.KazachekI.Sprint2.Task0.V24\Tyuiu.KazachekI.Sprint2.Task0.V24.csproj", "{4573125D-AD39-43D1-AF94-931681958299}"
EndProject
Project("{FAE04EC0-301F-11D3-BF4B-00C04F79EFBC}") = "Tyuiu.KazachekI.Sprint2.Task0.V24.Lib", "Tyuiu.KazachekI.Sprint2.Task0.V24.Lib\Tyuiu.KazachekI.Sprint2.Task0.V24.Lib.csproj", "{620811B1-E669-4978-96A4-1B1A4CC010EE}"
EndProject
Project("{FAE04EC0-301F-11D3-BF4B-00C04F79EFBC}") = "Tyuiu.KazachekI.Sprint2.Task0.V24.Test", "Tyuiu.KazachekI.Sprint2.Task0.V24.Test\Tyuiu.KazachekI.Sprint2.Task0.V24.Test.csproj", "{0733CB61-3532-47ED-B4D7-924F8997F96C}"
EndProject
Project("{2150E333-8FDC-42A3-9474-1A3956D46DE8}") = "Task1", "Task1", "{D3856F7A-14B5-44A0-B0A8-A77F9027B407}"
EndProject
Project("{FAE04EC0-301F-11D3-BF4B-00C04F79EFBC}") = "Tyuiu.KazachekI.Sprint2.Task1.V9", "Tyuiu.KazachekI.Sprint2.Task1.V9\Tyuiu.KazachekI.Sprint2.Task1.V9.csproj", "{8E9185AF-91DE-434D-B7A5-C05927C3AC33}"
EndProject
Project("{FAE04EC0-301F-11D3-BF4B-00C04F79EFBC}") = "Tyuiu.KazachekI.Sprint2.Task1.V9.Lib", "Tyuiu.KazachekI.Sprint2.Task1.V9.Lib\Tyuiu.KazachekI.Sprint2.Task1.V9.Lib.csproj", "{3D742316-4FD9-4342-939E-88FE77088C76}"
EndProject
Project("{FAE04EC0-301F-11D3-BF4B-00C04F79EFBC}") = "Tyuiu.KazachekI.Sprint2.Task1.V9.Test", "Tyuiu.KazachekI.Sprint2.Task1.V9.Test\Tyuiu.KazachekI.Sprint2.Task1.V9.Test.csproj", "{38BB5736-7B48-4893-A919-E42AAA186118}"
EndProject
Project("{2150E333-8FDC-42A3-9474-1A3956D46DE8}") = "Task2", "Task2", "{9BA1248F-2215-45C2-B5F8-03E3E0B5E910}"
EndProject
Project("{FAE04EC0-301F-11D3-BF4B-00C04F79EFBC}") = "Tyuiu.KazachekI.Sprint2.Task2.V8", "Tyuiu.KazachekI.Sprint2.Task2.V8\Tyuiu.KazachekI.Sprint2.Task2.V8.csproj", "{226CC6D4-EDC2-44A2-A259-7716DE487C72}"
EndProject
Project("{FAE04EC0-301F-11D3-BF4B-00C04F79EFBC}") = "Tyuiu.KazachekI.Sprint2.Task2.V8.Lib", "Tyuiu.KazachekI.Sprint2.Task2.V8.Lib\Tyuiu.KazachekI.Sprint2.Task2.V8.Lib.csproj", "{BA99A740-4191-4BF3-8F7E-01C359891C35}"
EndProject
Project("{FAE04EC0-301F-11D3-BF4B-00C04F79EFBC}") = "Tyuiu.KazachekI.Sprint2.Task2.V8.Test", "Tyuiu.KazachekI.Sprint2.Task2.V8.Test\Tyuiu.KazachekI.Sprint2.Task2.V8.Test.csproj", "{FBAA7EDF-709B-4812-ACFB-77605ED0B6EC}"
EndProject
Project("{2150E333-8FDC-42A3-9474-1A3956D46DE8}") = "Task3", "Task3", "{62003CC9-617A-4830-BC90-7701937FB4BD}"
EndProject
Project("{FAE04EC0-301F-11D3-BF4B-00C04F79EFBC}") = "Tyuiu.KazachekI.Sprint2.Task3.V11", "Tyuiu.KazachekI.Sprint2.Task3.V11\Tyuiu.KazachekI.Sprint2.Task3.V11.csproj", "{D392A81B-3474-47C2-8C91-E736C4AA7B28}"
EndProject
Project("{FAE04EC0-301F-11D3-BF4B-00C04F79EFBC}") = "Tyuiu.KazachekI.Sprint2.Task3.V11.Lib", "Tyuiu.KazachekI.Sprint2.Task3.V11.Lib\Tyuiu.KazachekI.Sprint2.Task3.V11.Lib.csproj", "{024D5679-AE73-4D9D-B6F2-50DDA0CE4E60}"
EndProject
Project("{FAE04EC0-301F-11D3-BF4B-00C04F79EFBC}") = "Tyuiu.KazachekI.Sprint2.Task3.V11.Test", "Tyuiu.KazachekI.Sprint2.Task3.V11.Test\Tyuiu.KazachekI.Sprint2.Task3.V11.Test.csproj", "{9298BBAE-5FE9-46AA-BBC1-9C33A745A0E6}"
EndProject
Project("{2150E333-8FDC-42A3-9474-1A3956D46DE8}") = "Task4", "Task4", "{8F6189BD-FCAD-4480-998C-254F12856B22}"
EndProject
Project("{FAE04EC0-301F-11D3-BF4B-00C04F79EFBC}") = "Tyuiu.KazachekI.Sprint2.Task4.V16", "Tyuiu.KazachekI.Sprint2.Task4.V16\Tyuiu.KazachekI.Sprint2.Task4.V16.csproj", "{4634F501-0A9E-473A-AAA0-F3152AD5567A}"
EndProject
Project("{FAE04EC0-301F-11D3-BF4B-00C04F79EFBC}") = "Tyuiu.KazachekI.Sprint2.Task4.V16.Lib", "Tyuiu.KazachekI.Sprint2.Task4.V16.Lib\Tyuiu.KazachekI.Sprint2.Task4.V16.Lib.csproj", "{CB6A9159-062D-4266-A2CB-FB95926587FD}"
EndProject
Project("{FAE04EC0-301F-11D3-BF4B-00C04F79EFBC}") = "Tyuiu.KazachekI.Sprint2.Task4.V16.Test", "Tyuiu.KazachekI.Sprint2.Task4.V16.Test\Tyuiu.KazachekI.Sprint2.Task4.V16.Test.csproj", "{47A191FF-AADF-4E42-A4C5-284FCB00008F}"
EndProject
Project("{2150E333-8FDC-42A3-9474-1A3956D46DE8}") = "Task5", "Task5", "{0FDCCB35-6C12-47CA-82FC-7A41725551E9}"
EndProject
Project("{FAE04EC0-301F-11D3-BF4B-00C04F79EFBC}") = "Tyuiu.KazachekI.Sprint2.Task5.V2", "Tyuiu.KazachekI.Sprint2.Task5.V2\Tyuiu.KazachekI.Sprint2.Task5.V2.csproj", "{1EF26CD1-92C0-4ADE-ADFD-B276A2964588}"
EndProject
Project("{FAE04EC0-301F-11D3-BF4B-00C04F79EFBC}") = "Tyuiu.KazachekI.Sprint2.Task5.V2.Lib", "Tyuiu.KazachekI.Sprint2.Task5.V2.Lib\Tyuiu.KazachekI.Sprint2.Task5.V2.Lib.csproj", "{F07C6B20-0EEA-4C07-80FA-E60F58AAD1AD}"
EndProject
Project("{FAE04EC0-301F-11D3-BF4B-00C04F79EFBC}") = "Tyuiu.KazachekI.Sprint2.Task5.V2.Test", "Tyuiu.KazachekI.Sprint2.Task5.V2.Test\Tyuiu.KazachekI.Sprint2.Task5.V2.Test.csproj", "{5ACA8824-6F69-4717-86D9-352E3787AE3C}"
EndProject
Project("{2150E333-8FDC-42A3-9474-1A3956D46DE8}") = "Task6", "Task6", "{179A89D5-D333-4B46-8980-108E10673F2E}"
EndProject
Project("{FAE04EC0-301F-11D3-BF4B-00C04F79EFBC}") = "Tyuiu.KazachekI.Sprint2.Task6.V11", "Tyuiu.KazachekI.Sprint2.Task6.V11\Tyuiu.KazachekI.Sprint2.Task6.V11.csproj", "{EC0D9FF2-A2DC-44E1-9AAF-1B8357DC03BE}"
EndProject
Project("{FAE04EC0-301F-11D3-BF4B-00C04F79EFBC}") = "Tyuiu.KazachekI.Sprint2.Task6.V11.Lib", "Tyuiu.KazachekI.Sprint2.Task6.V11.Lib\Tyuiu.KazachekI.Sprint2.Task6.V11.Lib.csproj", "{C7214B7C-4B32-4DAF-90B6-A1BA4E3E5FE4}"
EndProject
Project("{FAE04EC0-301F-11D3-BF4B-00C04F79EFBC}") = "Tyuiu.KazachekI.Sprint2.Task6.V11.Test", "Tyuiu.KazachekI.Sprint2.Task6.V11.Test\Tyuiu.KazachekI.Sprint2.Task6.V11.Test.csproj", "{ABD18654-DF01-4889-9169-78FFE28C9D61}"
EndProject
Project("{2150E333-8FDC-42A3-9474-1A3956D46DE8}") = "Task7", "Task7", "{28E28F04-5ACA-4B10-BDFD-F0384EC9E477}"
EndProject
Project("{FAE04EC0-301F-11D3-BF4B-00C04F79EFBC}") = "Tyuiu.KazachekI.Sprint2.Task7.V5", "Tyuiu.KazachekI.Sprint2.Task7.V5\Tyuiu.KazachekI.Sprint2.Task7.V5.csproj", "{ED5F1775-3D87-4B1B-8E32-668F12D47510}"
EndProject
Project("{FAE04EC0-301F-11D3-BF4B-00C04F79EFBC}") = "Tyuiu.KazachekI.Sprint2.Task7.V5.Lib", "Tyuiu.KazachekI.Sprint2.Task7.V5.Lib\Tyuiu.KazachekI.Sprint2.Task7.V5.Lib.csproj", "{90EFD86B-715C-4C65-9A90-88CB31EED23D}"
EndProject
Project("{FAE04EC0-301F-11D3-BF4B-00C04F79EFBC}") = "Tyuiu.KazachekI.Sprint2.Task7.V5.Test", "Tyuiu.KazachekI.Sprint2.Task7.V5.Test\Tyuiu.KazachekI.Sprint2.Task7.V5.Test.csproj", "{6D80ED0B-C892-481C-8787-D75CBD40A663}"
EndProject
Global
	GlobalSection(SolutionConfigurationPlatforms) = preSolution
		Debug|Any CPU = Debug|Any CPU
		Release|Any CPU = Release|Any CPU
	EndGlobalSection
	GlobalSection(ProjectConfigurationPlatforms) = postSolution
		{4573125D-AD39-43D1-AF94-931681958299}.Debug|Any CPU.ActiveCfg = Debug|Any CPU
		{4573125D-AD39-43D1-AF94-931681958299}.Debug|Any CPU.Build.0 = Debug|Any CPU
		{4573125D-AD39-43D1-AF94-931681958299}.Release|Any CPU.ActiveCfg = Release|Any CPU
		{4573125D-AD39-43D1-AF94-931681958299}.Release|Any CPU.Build.0 = Release|Any CPU
		{620811B1-E669-4978-96A4-1B1A4CC010EE}.Debug|Any CPU.ActiveCfg = Debug|Any CPU
		{620811B1-E669-4978-96A4-1B1A4CC010EE}.Debug|Any CPU.Build.0 = Debug|Any CPU
		{620811B1-E669-4978-96A4-1B1A4CC010EE}.Release|Any CPU.ActiveCfg = Release|Any CPU
		{620811B1-E669-4978-96A4-1B1A4CC010EE}.Release|Any CPU.Build.0 = Release|Any CPU
		{0733CB61-3532-47ED-B4D7-924F8997F96C}.Debug|Any CPU.ActiveCfg = Debug|Any CPU
		{0733CB61-3532-47ED-B4D7-924F8997F96C}.Debug|Any CPU.Build.0 = Debug|Any CPU
		{0733CB61-3532-47ED-B4D7-924F8997F96C}.Release|Any CPU.ActiveCfg = Release|Any CPU
		{0733CB61-3532-47ED-B4D7-924F8997F96C}.Release|Any CPU.Build.0 = Release|Any CPU
		{8E9185AF-91DE-434D-B7A5-C05927C3AC33}.Debug|Any CPU.ActiveCfg = Debug|Any CPU
		{8E9185AF-91DE-434D-B7A5-C05927C3AC33}.Debug|Any CPU.Build.0 = Debug|Any CPU
		{8E9185AF-91DE-434D-B7A5-C05927C3AC33}.Release|Any CPU.ActiveCfg = Release|Any CPU
		{8E9185AF-91DE-434D-B7A5-C05927C3AC33}.Release|Any CPU.Build.0 = Release|Any CPU
		{3D742316-4FD9-4342-939E-88FE77088C76}.Debug|Any CPU.ActiveCfg = Debug|Any CPU
		{3D742316-4FD9-4342-939E-88FE77088C76}.Debug|Any CPU.Build.0 = Debug|Any CPU
		{3D742316-4FD9-4342-939E-88FE77088C76}.Release|Any CPU.ActiveCfg = Release|Any CPU
		{3D742316-4FD9-4342-939E-88FE77088C76}.Release|Any CPU.Build.0 = Release|Any CPU
		{38BB5736-7B48-4893-A919-E42AAA186118}.Debug|Any CPU.ActiveCfg = Debug|Any CPU
		{38BB5736-7B48-4893-A919-E42AAA186118}.Debug|Any CPU.Build.0 = Debug|Any CPU
		{38BB5736-7B48-4893-A919-E42AAA186118}.Release|Any CPU.ActiveCfg = Release|Any CPU
		{38BB5736-7B48-4893-A919-E42AAA186118}.Release|Any CPU.Build.0 = Release|Any CPU
		{226CC6D4-EDC2-44A2-A259-7716DE487C72}.Debug|Any CPU.ActiveCfg = Debug|Any CPU
		{226CC6D4-EDC2-44A2-A259-7716DE487C72}.Debug|Any CPU.Build.0 = Debug|Any CPU
		{226CC6D4-EDC2-44A2-A259-7716DE487C72}.Release|Any CPU.ActiveCfg = Release|Any CPU
		{226CC6D4-EDC2-44A2-A259-7716DE487C72}.Release|Any CPU.Build.0 = Release|Any CPU
		{BA99A740-4191-4BF3-8F7E-01C359891C35}.Debug|Any CPU.ActiveCfg = Debug|Any CPU
		{BA99A740-4191-4BF3-8F7E-01C359891C35}.Debug|Any CPU.Build.0 = Debug|Any CPU
		{BA99A740-4191-4BF3-8F7E-01C359891C35}.Release|Any CPU.ActiveCfg = Release|Any CPU
		{BA99A740-4191-4BF3-8F7E-01C359891C35}.Release|Any CPU.Build.0 = Release|Any CPU
		{FBAA7EDF-709B-4812-ACFB-77605ED0B6EC}.Debug|Any CPU.ActiveCfg = Debug|Any CPU
		{FBAA7EDF-709B-4812-ACFB-77605ED0B6EC}.Debug|Any CPU.Build.0 = Debug|Any CPU
		{FBAA7EDF-709B-4812-ACFB-77605ED0B6EC}.Release|Any CPU.ActiveCfg = Release|Any CPU
		{FBAA7EDF-709B-4812-ACFB-77605ED0B6EC}.Release|Any CPU.Build.0 = Release|Any CPU
		{D392A81B-3474-47C2-8C91-E736C4AA7B28}.Debug|Any CPU.ActiveCfg = Debug|Any CPU
		{D392A81B-3474-47C2-8C91-E736C4AA7B28}.Debug|Any CPU.Build.0 = Debug|Any CPU
		{D392A81B-3474-47C2-8C91-E736C4AA7B28}.Release|Any CPU.ActiveCfg = Release|Any CPU
		{D392A81B-3474-47C2-8C91-E736C4AA7B28}.Release|Any CPU.Build.0 = Release|Any CPU
		{024D5679-AE73-4D9D-B6F2-50DDA0CE4E60}.Debug|Any CPU.ActiveCfg = Debug|Any CPU
		{024D5679-AE73-4D9D-B6F2-50DDA0CE4E60}.Debug|Any CPU.Build.0 = Debug|Any CPU
		{024D5679-AE73-4D9D-B6F2-50DDA0CE4E60}.Release|Any CPU.ActiveCfg = Release|Any CPU
		{024D5679-AE73-4D9D-B6F2-50DDA0CE4E60}.Release|Any CPU.Build.0 = Release|Any CPU
		{9298BBAE-5FE9-46AA-BBC1-9C33A745A0E6}.Debug|Any CPU.ActiveCfg = Debug|Any CPU
		{9298BBAE-5FE9-46AA-BBC1-9C33A745A0E6}.Debug|Any CPU.Build.0 = Debug|Any CPU
		{9298BBAE-5FE9-46AA-BBC1-9C33A745A0E6}.Release|Any CPU.ActiveCfg = Release|Any CPU
		{9298BBAE-5FE9-46AA-BBC1-9C33A745A0E6}.Release|Any CPU.Build.0 = Release|Any CPU
		{4634F501-0A9E-473A-AAA0-F3152AD5567A}.Debug|Any CPU.ActiveCfg = Debug|Any CPU
		{4634F501-0A9E-473A-AAA0-F3152AD5567A}.Debug|Any CPU.Build.0 = Debug|Any CPU
		{4634F501-0A9E-473A-AAA0-F3152AD5567A}.Release|Any CPU.ActiveCfg = Release|Any CPU
		{4634F501-0A9E-473A-AAA0-F3152AD5567A}.Release|Any CPU.Build.0 = Release|Any CPU
		{CB6A9159-062D-4266-A2CB-FB95926587FD}.Debug|Any CPU.ActiveCfg = Debug|Any CPU
		{CB6A9159-062D-4266-A2CB-FB95926587FD}.Debug|Any CPU.Build.0 = Debug|Any CPU
		{CB6A9159-062D-4266-A2CB-FB95926587FD}.Release|Any CPU.ActiveCfg = Release|Any CPU
		{CB6A9159-062D-4266-A2CB-FB95926587FD}.Release|Any CPU.Build.0 = Release|Any CPU
		{47A191FF-AADF-4E42-A4C5-284FCB00008F}.Debug|Any CPU.ActiveCfg = Debug|Any CPU
		{47A191FF-AADF-4E42-A4C5-284FCB00008F}.Debug|Any CPU.Build.0 = Debug|Any CPU
		{47A191FF-AADF-4E42-A4C5-284FCB00008F}.Release|Any CPU.ActiveCfg = Release|Any CPU
		{47A191FF-AADF-4E42-A4C5-284FCB00008F}.Release|Any CPU.Build.0 = Release|Any CPU
		{1EF26CD1-92C0-4ADE-ADFD-B276A2964588}.Debug|Any CPU.ActiveCfg = Debug|Any CPU
		{1EF26CD1-92C0-4ADE-ADFD-B276A2964588}.Debug|Any CPU.Build.0 = Debug|Any CPU
		{1EF26CD1-92C0-4ADE-ADFD-B276A2964588}.Release|Any CPU.ActiveCfg = Release|Any CPU
		{1EF26CD1-92C0-4ADE-ADFD-B276A2964588}.Release|Any CPU.Build.0 = Release|Any CPU
		{F07C6B20-0EEA-4C07-80FA-E60F58AAD1AD}.Debug|Any CPU.ActiveCfg = Debug|Any CPU
		{F07C6B20-0EEA-4C07-80FA-E60F58AAD1AD}.Debug|Any CPU.Build.0 = Debug|Any CPU
		{F07C6B20-0EEA-4C07-80FA-E60F58AAD1AD}.Release|Any CPU.ActiveCfg = Release|Any CPU
		{F07C6B20-0EEA-4C07-80FA-E60F58AAD1AD}.Release|Any CPU.Build.0 = Release|Any CPU
		{5ACA8824-6F69-4717-86D9-352E3787AE3C}.Debug|Any CPU.ActiveCfg = Debug|Any CPU
		{5ACA8824-6F69-4717-86D9-352E3787AE3C}.Debug|Any CPU.Build.0 = Debug|Any CPU
		{5ACA8824-6F69-4717-86D9-352E3787AE3C}.Release|Any CPU.ActiveCfg = Release|Any CPU
		{5ACA8824-6F69-4717-86D9-352E3787AE3C}.Release|Any CPU.Build.0 = Release|Any CPU
		{EC0D9FF2-A2DC-44E1-9AAF-1B8357DC03BE}.Debug|Any CPU.ActiveCfg = Debug|Any CPU
		{EC0D9FF2-A2DC-44E1-9AAF-1B8357DC03BE}.Debug|Any CPU.Build.0 = Debug|Any CPU
		{EC0D9FF2-A2DC-44E1-9AAF-1B8357DC03BE}.Release|Any CPU.ActiveCfg = Release|Any CPU
		{EC0D9FF2-A2DC-44E1-9AAF-1B8357DC03BE}.Release|Any CPU.Build.0 = Release|Any CPU
		{C7214B7C-4B32-4DAF-90B6-A1BA4E3E5FE4}.Debug|Any CPU.ActiveCfg = Debug|Any CPU
		{C7214B7C-4B32-4DAF-90B6-A1BA4E3E5FE4}.Debug|Any CPU.Build.0 = Debug|Any CPU
		{C7214B7C-4B32-4DAF-90B6-A1BA4E3E5FE4}.Release|Any CPU.ActiveCfg = Release|Any CPU
		{C7214B7C-4B32-4DAF-90B6-A1BA4E3E5FE4}.Release|Any CPU.Build.0 = Release|Any CPU
		{ABD18654-DF01-4889-9169-78FFE28C9D61}.Debug|Any CPU.ActiveCfg = Debug|Any CPU
		{ABD18654-DF01-4889-9169-78FFE28C9D61}.Debug|Any CPU.Build.0 = Debug|Any CPU
		{ABD18654-DF01-4889-9169-78FFE28C9D61}.Release|Any CPU.ActiveCfg = Release|Any CPU
		{ABD18654-DF01-4889-9169-78FFE28C9D61}.Release|Any CPU.Build.0 = Release|Any CPU
		{ED5F1775-3D87-4B1B-8E32-668F12D47510}.Debug|Any CPU.ActiveCfg = Debug|Any CPU
		{ED5F1775-3D87-4B1B-8E32-668F12D47510}.Debug|Any CPU.Build.0 = Debug|Any CPU
		{ED5F1775-3D87-4B1B-8E32-668F12D47510}.Release|Any CPU.ActiveCfg = Release|Any CPU
		{ED5F1775-3D87-4B1B-8E32-668F12D47510}.Release|Any CPU.Build.0 = Release|Any CPU
		{90EFD86B-715C-4C65-9A90-88CB31EED23D}.Debug|Any CPU.ActiveCfg = Debug|Any CPU
		{90EFD86B-715C-4C65-9A90-88CB31EED23D}.Debug|Any CPU.Build.0 = Debug|Any CPU
		{90EFD86B-715C-4C65-9A90-88CB31EED23D}.Release|Any CPU.ActiveCfg = Release|Any CPU
		{90EFD86B-715C-4C65-9A90-88CB31EED23D}.Release|Any CPU.Build.0 = Release|Any CPU
		{6D80ED0B-C892-481C-8787-D75CBD40A663}.Debug|Any CPU.ActiveCfg = Debug|Any CPU
		{6D80ED0B-C892-481C-8787-D75CBD40A663}.Debug|Any CPU.Build.0 = Debug|Any CPU
		{6D80ED0B-C892-481C-8787-D75CBD40A663}.Release|Any CPU.ActiveCfg = Release|Any CPU
		{6D80ED0B-C892-481C-8787-D75CBD40A663}.Release|Any CPU.Build.0 = Release|Any CPU
	EndGlobalSection
	GlobalSection(SolutionProperties) = preSolution
		HideSolutionNode = FALSE
	EndGlobalSection
	GlobalSection(NestedProjects) = preSolution
		{4573125D-AD39-43D1-AF94-931681958299} = {02EA681E-C7D8-13C7-8484-4AC65E1B71E8}
		{620811B1-E669-4978-96A4-1B1A4CC010EE} = {02EA681E-C7D8-13C7-8484-4AC65E1B71E8}
		{0733CB61-3532-47ED-B4D7-924F8997F96C} = {02EA681E-C7D8-13C7-8484-4AC65E1B71E8}
		{8E9185AF-91DE-434D-B7A5-C05927C3AC33} = {D3856F7A-14B5-44A0-B0A8-A77F9027B407}
		{3D742316-4FD9-4342-939E-88FE77088C76} = {D3856F7A-14B5-44A0-B0A8-A77F9027B407}
		{38BB5736-7B48-4893-A919-E42AAA186118} = {D3856F7A-14B5-44A0-B0A8-A77F9027B407}
		{226CC6D4-EDC2-44A2-A259-7716DE487C72} = {9BA1248F-2215-45C2-B5F8-03E3E0B5E910}
		{BA99A740-4191-4BF3-8F7E-01C359891C35} = {9BA1248F-2215-45C2-B5F8-03E3E0B5E910}
		{FBAA7EDF-709B-4812-ACFB-77605ED0B6EC} = {9BA1248F-2215-45C2-B5F8-03E3E0B5E910}
		{D392A81B-3474-47C2-8C91-E736C4AA7B28} = {62003CC9-617A-4830-BC90-7701937FB4BD}
		{024D5679-AE73-4D9D-B6F2-50DDA0CE4E60} = {62003CC9-617A-4830-BC90-7701937FB4BD}
		{9298BBAE-5FE9-46AA-BBC1-9C33A745A0E6} = {62003CC9-617A-4830-BC90-7701937FB4BD}
		{4634F501-0A9E-473A-AAA0-F3152AD5567A} = {8F6189BD-FCAD-4480-998C-254F12856B22}
		{CB6A9159-062D-4266-A2CB-FB95926587FD} = {8F6189BD-FCAD-4480-998C-254F12856B22}
		{47A191FF-AADF-4E42-A4C5-284FCB00008F} = {8F6189BD-FCAD-4480-998C-254F12856B22}
		{1EF26CD1-92C0-4ADE-ADFD-B276A2964588} = {0FDCCB35-6C12-47CA-82FC-7A41725551E9}
		{F07C6B20-0EEA-4C07-80FA-E60F58AAD1AD} = {0FDCCB35-6C12-47CA-82FC-7A41725551E9}
		{5ACA8824-6F69-4717-86D9-352E3787AE3C} = {0FDCCB35-6C12-47CA-82FC-7A41725551E9}
		{EC0D9FF2-A2DC-44E1-9AAF-1B8357DC03BE} = {179A89D5-D333-4B46-8980-108E10673F2E}
		{C7214B7C-4B32-4DAF-90B6-A1BA4E3E5FE4} = {179A89D5-D333-4B46-8980-108E10673F2E}
		{ABD18654-DF01-4889-9169-78FFE28C9D61} = {179A89D5-D333-4B46-8980-108E10673F2E}
		{ED5F1775-3D87-4B1B-8E32-668F12D47510} = {28E28F04-5ACA-4B10-BDFD-F0384EC9E477}
		{90EFD86B-715C-4C65-9A90-88CB31EED23D} = {28E28F04-5ACA-4B10-BDFD-F0384EC9E477}
		{6D80ED0B-C892-481C-8787-D75CBD40A663} = {28E28F04-5ACA-4B10-BDFD-F0384EC9E477}
	EndGlobalSection
	GlobalSection(ExtensibilityGlobals) = postSolution
		SolutionGuid = {3A093256-8FC3-446E-967E-9B8DD371ABFF}
	EndGlobalSection
EndGlobal
